
Microsoft Visual Studio Solution File, Format Version 12.00
Project("{FAE04EC0-301F-11D3-BF4B-00C04F79EFBC}") = "Lab2_1", "Lab2_1\Lab2_1.csproj", "{5E4B6C10-9EE5-4964-9B79-3E2760AD8B1E}"
EndProject
Project("{FAE04EC0-301F-11D3-BF4B-00C04F79EFBC}") = "Lab2_2", "Lab2_2\Lab2_2.csproj", "{B6663BDB-091D-4218-AA6A-EC64FB38785F}"
EndProject
Project("{FAE04EC0-301F-11D3-BF4B-00C04F79EFBC}") = "Lab2_3", "Lab2_3\Lab2_3.csproj", "{6090AA10-EE7C-4814-9687-5D324A2A8963}"
EndProject
Global
	GlobalSection(SolutionConfigurationPlatforms) = preSolution
		Debug|Any CPU = Debug|Any CPU
		Release|Any CPU = Release|Any CPU
	EndGlobalSection
	GlobalSection(ProjectConfigurationPlatforms) = postSolution
		{5E4B6C10-9EE5-4964-9B79-3E2760AD8B1E}.Debug|Any CPU.ActiveCfg = Debug|Any CPU
		{5E4B6C10-9EE5-4964-9B79-3E2760AD8B1E}.Debug|Any CPU.Build.0 = Debug|Any CPU
		{5E4B6C10-9EE5-4964-9B79-3E2760AD8B1E}.Release|Any CPU.ActiveCfg = Release|Any CPU
		{5E4B6C10-9EE5-4964-9B79-3E2760AD8B1E}.Release|Any CPU.Build.0 = Release|Any CPU
		{B6663BDB-091D-4218-AA6A-EC64FB38785F}.Debug|Any CPU.ActiveCfg = Debug|Any CPU
		{B6663BDB-091D-4218-AA6A-EC64FB38785F}.Debug|Any CPU.Build.0 = Debug|Any CPU
		{B6663BDB-091D-4218-AA6A-EC64FB38785F}.Release|Any CPU.ActiveCfg = Release|Any CPU
		{B6663BDB-091D-4218-AA6A-EC64FB38785F}.Release|Any CPU.Build.0 = Release|Any CPU
		{6090AA10-EE7C-4814-9687-5D324A2A8963}.Debug|Any CPU.ActiveCfg = Debug|Any CPU
		{6090AA10-EE7C-4814-9687-5D324A2A8963}.Debug|Any CPU.Build.0 = Debug|Any CPU
		{6090AA10-EE7C-4814-9687-5D324A2A8963}.Release|Any CPU.ActiveCfg = Release|Any CPU
		{6090AA10-EE7C-4814-9687-5D324A2A8963}.Release|Any CPU.Build.0 = Release|Any CPU
	EndGlobalSection
EndGlobal
